
Microsoft Visual Studio Solution File, Format Version 12.00
# Visual Studio Version 16
VisualStudioVersion = 16.0.29025.244
MinimumVisualStudioVersion = 10.0.40219.1
Project("{FAE04EC0-301F-11D3-BF4B-00C04F79EFBC}") = "DDS", "DDS\DDS.csproj", "{A9DE3F46-8C79-40C0-AF8D-F7388711B6FA}"
EndProject
Global
	GlobalSection(SolutionConfigurationPlatforms) = preSolution
		Debug|Any CPU = Debug|Any CPU
		Release|Any CPU = Release|Any CPU
	EndGlobalSection
	GlobalSection(ProjectConfigurationPlatforms) = postSolution
		{A9DE3F46-8C79-40C0-AF8D-F7388711B6FA}.Debug|Any CPU.ActiveCfg = Debug|Any CPU
		{A9DE3F46-8C79-40C0-AF8D-F7388711B6FA}.Debug|Any CPU.Build.0 = Debug|Any CPU
		{A9DE3F46-8C79-40C0-AF8D-F7388711B6FA}.Release|Any CPU.ActiveCfg = Release|Any CPU
		{A9DE3F46-8C79-40C0-AF8D-F7388711B6FA}.Release|Any CPU.Build.0 = Release|Any CPU
	EndGlobalSection
	GlobalSection(SolutionProperties) = preSolution
		HideSolutionNode = FALSE
	EndGlobalSection
	GlobalSection(ExtensibilityGlobals) = postSolution
		SolutionGuid = {32DB74C1-7060-4753-9D56-998496FDC4A9}
	EndGlobalSection
EndGlobal
